
Microsoft Visual Studio Solution File, Format Version 12.00
# Visual Studio Version 16
VisualStudioVersion = 16.0.29519.181
MinimumVisualStudioVersion = 10.0.40219.1
Project("{FAE04EC0-301F-11D3-BF4B-00C04F79EFBC}") = "M-Pig", "M-Pig.csproj", "{577D21D7-6AE4-4C60-A5CD-DF998B7A434F}"
EndProject
Global
	GlobalSection(SolutionConfigurationPlatforms) = preSolution
		Debug|Any CPU = Debug|Any CPU
		Release|Any CPU = Release|Any CPU
	EndGlobalSection
	GlobalSection(ProjectConfigurationPlatforms) = postSolution
		{577D21D7-6AE4-4C60-A5CD-DF998B7A434F}.Debug|Any CPU.ActiveCfg = Debug|Any CPU
		{577D21D7-6AE4-4C60-A5CD-DF998B7A434F}.Debug|Any CPU.Build.0 = Debug|Any CPU
		{577D21D7-6AE4-4C60-A5CD-DF998B7A434F}.Release|Any CPU.ActiveCfg = Release|Any CPU
		{577D21D7-6AE4-4C60-A5CD-DF998B7A434F}.Release|Any CPU.Build.0 = Release|Any CPU
	EndGlobalSection
	GlobalSection(SolutionProperties) = preSolution
		HideSolutionNode = FALSE
	EndGlobalSection
	GlobalSection(ExtensibilityGlobals) = postSolution
		SolutionGuid = {4867ECC2-E31C-4D53-8DA1-7C6094600C86}
	EndGlobalSection
EndGlobal
